
Microsoft Visual Studio Solution File, Format Version 12.00
# Visual Studio Version 16
VisualStudioVersion = 16.0.30011.22
MinimumVisualStudioVersion = 10.0.40219.1
Project("{9A19103F-16F7-4668-BE54-9A1E7A4F7556}") = "BaltaStore.Domain", "src\BaltaStore.Domain\BaltaStore.Domain.csproj", "{C4E25EE1-D007-43BE-B3D3-EE1E8C00FA9F}"
EndProject
Project("{9A19103F-16F7-4668-BE54-9A1E7A4F7556}") = "BaltaStore.Infra", "src\BaltaStore.Infra\BaltaStore.Infra.csproj", "{5C2191B2-5BCA-4EF3-8830-28BB1363BFEA}"
EndProject
Project("{9A19103F-16F7-4668-BE54-9A1E7A4F7556}") = "BaltaStore.Shared", "src\BaltaStore.Shared\BaltaStore.Shared.csproj", "{D1D57E4E-EB01-4302-8413-86403E004891}"
EndProject
Project("{9A19103F-16F7-4668-BE54-9A1E7A4F7556}") = "BaltaStore.Tests", "src\BaltaStore.Tests\BaltaStore.Tests\BaltaStore.Tests.csproj", "{E077F52D-28C3-403A-AAAC-9BDD495237A9}"
EndProject
Project("{FAE04EC0-301F-11D3-BF4B-00C04F79EFBC}") = "BaltaStore.API", "src\BaltaStore.API\BaltaStore.API.csproj", "{7A60A276-EC3F-4C6A-BF0A-D11B47E1AF26}"
EndProject
Global
	GlobalSection(SolutionConfigurationPlatforms) = preSolution
		Debug|Any CPU = Debug|Any CPU
		Release|Any CPU = Release|Any CPU
	EndGlobalSection
	GlobalSection(ProjectConfigurationPlatforms) = postSolution
		{C4E25EE1-D007-43BE-B3D3-EE1E8C00FA9F}.Debug|Any CPU.ActiveCfg = Debug|Any CPU
		{C4E25EE1-D007-43BE-B3D3-EE1E8C00FA9F}.Debug|Any CPU.Build.0 = Debug|Any CPU
		{C4E25EE1-D007-43BE-B3D3-EE1E8C00FA9F}.Release|Any CPU.ActiveCfg = Release|Any CPU
		{C4E25EE1-D007-43BE-B3D3-EE1E8C00FA9F}.Release|Any CPU.Build.0 = Release|Any CPU
		{5C2191B2-5BCA-4EF3-8830-28BB1363BFEA}.Debug|Any CPU.ActiveCfg = Debug|Any CPU
		{5C2191B2-5BCA-4EF3-8830-28BB1363BFEA}.Debug|Any CPU.Build.0 = Debug|Any CPU
		{5C2191B2-5BCA-4EF3-8830-28BB1363BFEA}.Release|Any CPU.ActiveCfg = Release|Any CPU
		{5C2191B2-5BCA-4EF3-8830-28BB1363BFEA}.Release|Any CPU.Build.0 = Release|Any CPU
		{D1D57E4E-EB01-4302-8413-86403E004891}.Debug|Any CPU.ActiveCfg = Debug|Any CPU
		{D1D57E4E-EB01-4302-8413-86403E004891}.Debug|Any CPU.Build.0 = Debug|Any CPU
		{D1D57E4E-EB01-4302-8413-86403E004891}.Release|Any CPU.ActiveCfg = Release|Any CPU
		{D1D57E4E-EB01-4302-8413-86403E004891}.Release|Any CPU.Build.0 = Release|Any CPU
		{E077F52D-28C3-403A-AAAC-9BDD495237A9}.Debug|Any CPU.ActiveCfg = Debug|Any CPU
		{E077F52D-28C3-403A-AAAC-9BDD495237A9}.Debug|Any CPU.Build.0 = Debug|Any CPU
		{E077F52D-28C3-403A-AAAC-9BDD495237A9}.Release|Any CPU.ActiveCfg = Release|Any CPU
		{E077F52D-28C3-403A-AAAC-9BDD495237A9}.Release|Any CPU.Build.0 = Release|Any CPU
		{7A60A276-EC3F-4C6A-BF0A-D11B47E1AF26}.Debug|Any CPU.ActiveCfg = Debug|Any CPU
		{7A60A276-EC3F-4C6A-BF0A-D11B47E1AF26}.Debug|Any CPU.Build.0 = Debug|Any CPU
		{7A60A276-EC3F-4C6A-BF0A-D11B47E1AF26}.Release|Any CPU.ActiveCfg = Release|Any CPU
		{7A60A276-EC3F-4C6A-BF0A-D11B47E1AF26}.Release|Any CPU.Build.0 = Release|Any CPU
	EndGlobalSection
	GlobalSection(SolutionProperties) = preSolution
		HideSolutionNode = FALSE
	EndGlobalSection
	GlobalSection(ExtensibilityGlobals) = postSolution
		SolutionGuid = {4A8F4B6B-3AA8-42EE-95DF-EA39402F397A}
	EndGlobalSection
EndGlobal
